
Microsoft Visual Studio Solution File, Format Version 12.00
# Visual Studio 14
VisualStudioVersion = 14.0.25420.1
MinimumVisualStudioVersion = 10.0.40219.1
Project("{FAE04EC0-301F-11D3-BF4B-00C04F79EFBC}") = "MRM", "MRM\MRM.csproj", "{57073845-D263-4687-A588-EF1A15A88290}"
EndProject
Project("{FAE04EC0-301F-11D3-BF4B-00C04F79EFBC}") = "MRM.Database", "MRM.Database\MRM.Database.csproj", "{54664C69-9343-4C44-85F6-DBC2A27D4C63}"
EndProject
Project("{FAE04EC0-301F-11D3-BF4B-00C04F79EFBC}") = "MRM.Business", "MRM.Business\MRM.Business.csproj", "{98C8FA5A-5FBC-4C45-B274-70823A6A3404}"
EndProject
Project("{FAE04EC0-301F-11D3-BF4B-00C04F79EFBC}") = "MRM.ViewModel", "MRM.ViewModel\MRM.ViewModel.csproj", "{AB8395EF-CDA7-462D-BC95-916DFDDA8B8F}"
EndProject
Project("{FAE04EC0-301F-11D3-BF4B-00C04F79EFBC}") = "MRM.Common", "MRM.Common\MRM.Common.csproj", "{DBF5809C-CA2A-44C1-8106-7B5DF7DF62A3}"
EndProject
Global
	GlobalSection(SolutionConfigurationPlatforms) = preSolution
		Debug|Any CPU = Debug|Any CPU
		Release|Any CPU = Release|Any CPU
	EndGlobalSection
	GlobalSection(ProjectConfigurationPlatforms) = postSolution
		{57073845-D263-4687-A588-EF1A15A88290}.Debug|Any CPU.ActiveCfg = Debug|Any CPU
		{57073845-D263-4687-A588-EF1A15A88290}.Debug|Any CPU.Build.0 = Debug|Any CPU
		{57073845-D263-4687-A588-EF1A15A88290}.Release|Any CPU.ActiveCfg = Release|Any CPU
		{57073845-D263-4687-A588-EF1A15A88290}.Release|Any CPU.Build.0 = Release|Any CPU
		{54664C69-9343-4C44-85F6-DBC2A27D4C63}.Debug|Any CPU.ActiveCfg = Debug|Any CPU
		{54664C69-9343-4C44-85F6-DBC2A27D4C63}.Debug|Any CPU.Build.0 = Debug|Any CPU
		{54664C69-9343-4C44-85F6-DBC2A27D4C63}.Release|Any CPU.ActiveCfg = Release|Any CPU
		{54664C69-9343-4C44-85F6-DBC2A27D4C63}.Release|Any CPU.Build.0 = Release|Any CPU
		{98C8FA5A-5FBC-4C45-B274-70823A6A3404}.Debug|Any CPU.ActiveCfg = Debug|Any CPU
		{98C8FA5A-5FBC-4C45-B274-70823A6A3404}.Debug|Any CPU.Build.0 = Debug|Any CPU
		{98C8FA5A-5FBC-4C45-B274-70823A6A3404}.Release|Any CPU.ActiveCfg = Release|Any CPU
		{98C8FA5A-5FBC-4C45-B274-70823A6A3404}.Release|Any CPU.Build.0 = Release|Any CPU
		{AB8395EF-CDA7-462D-BC95-916DFDDA8B8F}.Debug|Any CPU.ActiveCfg = Debug|Any CPU
		{AB8395EF-CDA7-462D-BC95-916DFDDA8B8F}.Debug|Any CPU.Build.0 = Debug|Any CPU
		{AB8395EF-CDA7-462D-BC95-916DFDDA8B8F}.Release|Any CPU.ActiveCfg = Release|Any CPU
		{AB8395EF-CDA7-462D-BC95-916DFDDA8B8F}.Release|Any CPU.Build.0 = Release|Any CPU
		{DBF5809C-CA2A-44C1-8106-7B5DF7DF62A3}.Debug|Any CPU.ActiveCfg = Debug|Any CPU
		{DBF5809C-CA2A-44C1-8106-7B5DF7DF62A3}.Debug|Any CPU.Build.0 = Debug|Any CPU
		{DBF5809C-CA2A-44C1-8106-7B5DF7DF62A3}.Release|Any CPU.ActiveCfg = Release|Any CPU
		{DBF5809C-CA2A-44C1-8106-7B5DF7DF62A3}.Release|Any CPU.Build.0 = Release|Any CPU
	EndGlobalSection
	GlobalSection(SolutionProperties) = preSolution
		HideSolutionNode = FALSE
	EndGlobalSection
EndGlobal
